// !$*UTF8*$!
{
	archiveVersion = 1;
	classes = {
	};
	objectVersion = 46;
	objects = {

/* Begin PBXBuildFile section */
		21E49B151E4F4BF300E3BFDE /* AppDelegate.swift in Sources */ = {isa = PBXBuildFile; fileRef = 21E49B141E4F4BF300E3BFDE /* AppDelegate.swift */; };
		21E49B171E4F4BF300E3BFDE /* ViewController.swift in Sources */ = {isa = PBXBuildFile; fileRef = 21E49B161E4F4BF300E3BFDE /* ViewController.swift */; };
		21E49B1A1E4F4BF300E3BFDE /* Main.storyboard in Resources */ = {isa = PBXBuildFile; fileRef = 21E49B181E4F4BF300E3BFDE /* Main.storyboard */; };
		21E49B1C1E4F4BF300E3BFDE /* Assets.xcassets in Resources */ = {isa = PBXBuildFile; fileRef = 21E49B1B1E4F4BF300E3BFDE /* Assets.xcassets */; };
		21E49B1F1E4F4BF300E3BFDE /* LaunchScreen.storyboard in Resources */ = {isa = PBXBuildFile; fileRef = 21E49B1D1E4F4BF300E3BFDE /* LaunchScreen.storyboard */; };
		21E49B2A1E4F4BF300E3BFDE /* segueTests.swift in Sources */ = {isa = PBXBuildFile; fileRef = 21E49B291E4F4BF300E3BFDE /* segueTests.swift */; };
		21E49B351E4F4BF400E3BFDE /* segueUITests.swift in Sources */ = {isa = PBXBuildFile; fileRef = 21E49B341E4F4BF400E3BFDE /* segueUITests.swift */; };
/* End PBXBuildFile section */

/* Begin PBXContainerItemProxy section */
		21E49B261E4F4BF300E3BFDE /* PBXContainerItemProxy */ = {
			isa = PBXContainerItemProxy;
			containerPortal = 21E49B091E4F4BF300E3BFDE /* Project object */;
			proxyType = 1;
			remoteGlobalIDString = 21E49B101E4F4BF300E3BFDE;
			remoteInfo = segue;
		};
		21E49B311E4F4BF300E3BFDE /* PBXContainerItemProxy */ = {
			isa = PBXContainerItemProxy;
			containerPortal = 21E49B091E4F4BF300E3BFDE /* Project object */;
			proxyType = 1;
			remoteGlobalIDString = 21E49B101E4F4BF300E3BFDE;
			remoteInfo = segue;
		};
/* End PBXContainerItemProxy section */

/* Begin PBXFileReference section */
		21E49B111E4F4BF300E3BFDE /* segue.app */ = {isa = PBXFileReference; explicitFileType = wrapper.application; includeInIndex = 0; path = segue.app; sourceTree = BUILT_PRODUCTS_DIR; };
		21E49B141E4F4BF300E3BFDE /* AppDelegate.swift */ = {isa = PBXFileReference; lastKnownFileType = sourcecode.swift; path = AppDelegate.swift; sourceTree = "<group>"; };
		21E49B161E4F4BF300E3BFDE /* ViewController.swift */ = {isa = PBXFileReference; lastKnownFileType = sourcecode.swift; path = ViewController.swift; sourceTree = "<group>"; };
		21E49B191E4F4BF300E3BFDE /* Base */ = {isa = PBXFileReference; lastKnownFileType = file.storyboard; name = Base; path = Base.lproj/Main.storyboard; sourceTree = "<group>"; };
		21E49B1B1E4F4BF300E3BFDE /* Assets.xcassets */ = {isa = PBXFileReference; lastKnownFileType = folder.assetcatalog; path = Assets.xcassets; sourceTree = "<group>"; };
		21E49B1E1E4F4BF300E3BFDE /* Base */ = {isa = PBXFileReference; lastKnownFileType = file.storyboard; name = Base; path = Base.lproj/LaunchScreen.storyboard; sourceTree = "<group>"; };
		21E49B201E4F4BF300E3BFDE /* Info.plist */ = {isa = PBXFileReference; lastKnownFileType = text.plist.xml; path = Info.plist; sourceTree = "<group>"; };
		21E49B251E4F4BF300E3BFDE /* segueTests.xctest */ = {isa = PBXFileReference; explicitFileType = wrapper.cfbundle; includeInIndex = 0; path = segueTests.xctest; sourceTree = BUILT_PRODUCTS_DIR; };
		21E49B291E4F4BF300E3BFDE /* segueTests.swift */ = {isa = PBXFileReference; lastKnownFileType = sourcecode.swift; path = segueTests.swift; sourceTree = "<group>"; };
		21E49B2B1E4F4BF300E3BFDE /* Info.plist */ = {isa = PBXFileReference; lastKnownFileType = text.plist.xml; path = Info.plist; sourceTree = "<group>"; };
		21E49B301E4F4BF300E3BFDE /* segueUITests.xctest */ = {isa = PBXFileReference; explicitFileType = wrapper.cfbundle; includeInIndex = 0; path = segueUITests.xctest; sourceTree = BUILT_PRODUCTS_DIR; };
		21E49B341E4F4BF400E3BFDE /* segueUITests.swift */ = {isa = PBXFileReference; lastKnownFileType = sourcecode.swift; path = segueUITests.swift; sourceTree = "<group>"; };
		21E49B361E4F4BF400E3BFDE /* Info.plist */ = {isa = PBXFileReference; lastKnownFileType = text.plist.xml; path = Info.plist; sourceTree = "<group>"; };
/* End PBXFileReference section */

/* Begin PBXFrameworksBuildPhase section */
		21E49B0E1E4F4BF300E3BFDE /* Frameworks */ = {
			isa = PBXFrameworksBuildPhase;
			buildActionMask = 2147483647;
			files = (
			);
			runOnlyForDeploymentPostprocessing = 0;
		};
		21E49B221E4F4BF300E3BFDE /* Frameworks */ = {
			isa = PBXFrameworksBuildPhase;
			buildActionMask = 2147483647;
			files = (
			);
			runOnlyForDeploymentPostprocessing = 0;
		};
		21E49B2D1E4F4BF300E3BFDE /* Frameworks */ = {
			isa = PBXFrameworksBuildPhase;
			buildActionMask = 2147483647;
			files = (
			);
			runOnlyForDeploymentPostprocessing = 0;
		};
/* End PBXFrameworksBuildPhase section */

/* Begin PBXGroup section */
		21E49B081E4F4BF300E3BFDE = {
			isa = PBXGroup;
			children = (
				21E49B131E4F4BF300E3BFDE /* segue */,
				21E49B281E4F4BF300E3BFDE /* segueTests */,
				21E49B331E4F4BF400E3BFDE /* segueUITests */,
				21E49B121E4F4BF300E3BFDE /* Products */,
			);
			sourceTree = "<group>";
		};
		21E49B121E4F4BF300E3BFDE /* Products */ = {
			isa = PBXGroup;
			children = (
				21E49B111E4F4BF300E3BFDE /* segue.app */,
				21E49B251E4F4BF300E3BFDE /* segueTests.xctest */,
				21E49B301E4F4BF300E3BFDE /* segueUITests.xctest */,
			);
			name = Products;
			sourceTree = "<group>";
		};
		21E49B131E4F4BF300E3BFDE /* segue */ = {
			isa = PBXGroup;
			children = (
				21E49B141E4F4BF300E3BFDE /* AppDelegate.swift */,
				21E49B161E4F4BF300E3BFDE /* ViewController.swift */,
				21E49B181E4F4BF300E3BFDE /* Main.storyboard */,
				21E49B1B1E4F4BF300E3BFDE /* Assets.xcassets */,
				21E49B1D1E4F4BF300E3BFDE /* LaunchScreen.storyboard */,
				21E49B201E4F4BF300E3BFDE /* Info.plist */,
			);
			path = segue;
			sourceTree = "<group>";
		};
		21E49B281E4F4BF300E3BFDE /* segueTests */ = {
			isa = PBXGroup;
			children = (
				21E49B291E4F4BF300E3BFDE /* segueTests.swift */,
				21E49B2B1E4F4BF300E3BFDE /* Info.plist */,
			);
			path = segueTests;
			sourceTree = "<group>";
		};
		21E49B331E4F4BF400E3BFDE /* segueUITests */ = {
			isa = PBXGroup;
			children = (
				21E49B341E4F4BF400E3BFDE /* segueUITests.swift */,
				21E49B361E4F4BF400E3BFDE /* Info.plist */,
			);
			path = segueUITests;
			sourceTree = "<group>";
		};
/* End PBXGroup section */

/* Begin PBXNativeTarget section */
		21E49B101E4F4BF300E3BFDE /* segue */ = {
			isa = PBXNativeTarget;
			buildConfigurationList = 21E49B391E4F4BF400E3BFDE /* Build configuration list for PBXNativeTarget "segue" */;
			buildPhases = (
				21E49B0D1E4F4BF300E3BFDE /* Sources */,
				21E49B0E1E4F4BF300E3BFDE /* Frameworks */,
				21E49B0F1E4F4BF300E3BFDE /* Resources */,
			);
			buildRules = (
			);
			dependencies = (
			);
			name = segue;
			productName = segue;
			productReference = 21E49B111E4F4BF300E3BFDE /* segue.app */;
			productType = "com.apple.product-type.application";
		};
		21E49B241E4F4BF300E3BFDE /* segueTests */ = {
			isa = PBXNativeTarget;
			buildConfigurationList = 21E49B3C1E4F4BF400E3BFDE /* Build configuration list for PBXNativeTarget "segueTests" */;
			buildPhases = (
				21E49B211E4F4BF300E3BFDE /* Sources */,
				21E49B221E4F4BF300E3BFDE /* Frameworks */,
				21E49B231E4F4BF300E3BFDE /* Resources */,
			);
			buildRules = (
			);
			dependencies = (
				21E49B271E4F4BF300E3BFDE /* PBXTargetDependency */,
			);
			name = segueTests;
			productName = segueTests;
			productReference = 21E49B251E4F4BF300E3BFDE /* segueTests.xctest */;
			productType = "com.apple.product-type.bundle.unit-test";
		};
		21E49B2F1E4F4BF300E3BFDE /* segueUITests */ = {
			isa = PBXNativeTarget;
			buildConfigurationList = 21E49B3F1E4F4BF400E3BFDE /* Build configuration list for PBXNativeTarget "segueUITests" */;
			buildPhases = (
				21E49B2C1E4F4BF300E3BFDE /* Sources */,
				21E49B2D1E4F4BF300E3BFDE /* Frameworks */,
				21E49B2E1E4F4BF300E3BFDE /* Resources */,
			);
			buildRules = (
			);
			dependencies = (
				21E49B321E4F4BF300E3BFDE /* PBXTargetDependency */,
			);
			name = segueUITests;
			productName = segueUITests;
			productReference = 21E49B301E4F4BF300E3BFDE /* segueUITests.xctest */;
			productType = "com.apple.product-type.bundle.ui-testing";
		};
/* End PBXNativeTarget section */

/* Begin PBXProject section */
		21E49B091E4F4BF300E3BFDE /* Project object */ = {
			isa = PBXProject;
			attributes = {
				LastSwiftUpdateCheck = 0820;
				LastUpgradeCheck = 0820;
				ORGANIZATIONNAME = konomi_ban;
				TargetAttributes = {
					21E49B101E4F4BF300E3BFDE = {
						CreatedOnToolsVersion = 8.2.1;
						ProvisioningStyle = Automatic;
					};
					21E49B241E4F4BF300E3BFDE = {
						CreatedOnToolsVersion = 8.2.1;
						ProvisioningStyle = Automatic;
						TestTargetID = 21E49B101E4F4BF300E3BFDE;
					};
					21E49B2F1E4F4BF300E3BFDE = {
						CreatedOnToolsVersion = 8.2.1;
						ProvisioningStyle = Automatic;
						TestTargetID = 21E49B101E4F4BF300E3BFDE;
					};
				};
			};
			buildConfigurationList = 21E49B0C1E4F4BF300E3BFDE /* Build configuration list for PBXProject "segue" */;
			compatibilityVersion = "Xcode 3.2";
			developmentRegion = English;
			hasScannedForEncodings = 0;
			knownRegions = (
				en,
				Base,
			);
			mainGroup = 21E49B081E4F4BF300E3BFDE;
			productRefGroup = 21E49B121E4F4BF300E3BFDE /* Products */;
			projectDirPath = "";
			projectRoot = "";
			targets = (
				21E49B101E4F4BF300E3BFDE /* segue */,
				21E49B241E4F4BF300E3BFDE /* segueTests */,
				21E49B2F1E4F4BF300E3BFDE /* segueUITests */,
			);
		};
/* End PBXProject section */

/* Begin PBXResourcesBuildPhase section */
		21E49B0F1E4F4BF300E3BFDE /* Resources */ = {
			isa = PBXResourcesBuildPhase;
			buildActionMask = 2147483647;
			files = (
				21E49B1F1E4F4BF300E3BFDE /* LaunchScreen.storyboard in Resources */,
				21E49B1C1E4F4BF300E3BFDE /* Assets.xcassets in Resources */,
				21E49B1A1E4F4BF300E3BFDE /* Main.storyboard in Resources */,
			);
			runOnlyForDeploymentPostprocessing = 0;
		};
		21E49B231E4F4BF300E3BFDE /* Resources */ = {
			isa = PBXResourcesBuildPhase;
			buildActionMask = 2147483647;
			files = (
			);
			runOnlyForDeploymentPostprocessing = 0;
		};
		21E49B2E1E4F4BF300E3BFDE /* Resources */ = {
			isa = PBXResourcesBuildPhase;
			buildActionMask = 2147483647;
			files = (
			);
			runOnlyForDeploymentPostprocessing = 0;
		};
/* End PBXResourcesBuildPhase section */

/* Begin PBXSourcesBuildPhase section */
		21E49B0D1E4F4BF300E3BFDE /* Sources */ = {
			isa = PBXSourcesBuildPhase;
			buildActionMask = 2147483647;
			files = (
				21E49B171E4F4BF300E3BFDE /* ViewController.swift in Sources */,
				21E49B151E4F4BF300E3BFDE /* AppDelegate.swift in Sources */,
			);
			runOnlyForDeploymentPostprocessing = 0;
		};
		21E49B211E4F4BF300E3BFDE /* Sources */ = {
			isa = PBXSourcesBuildPhase;
			buildActionMask = 2147483647;
			files = (
				21E49B2A1E4F4BF300E3BFDE /* segueTests.swift in Sources */,
			);
			runOnlyForDeploymentPostprocessing = 0;
		};
		21E49B2C1E4F4BF300E3BFDE /* Sources */ = {
			isa = PBXSourcesBuildPhase;
			buildActionMask = 2147483647;
			files = (
				21E49B351E4F4BF400E3BFDE /* segueUITests.swift in Sources */,
			);
			runOnlyForDeploymentPostprocessing = 0;
		};
/* End PBXSourcesBuildPhase section */

/* Begin PBXTargetDependency section */
		21E49B271E4F4BF300E3BFDE /* PBXTargetDependency */ = {
			isa = PBXTargetDependency;
			target = 21E49B101E4F4BF300E3BFDE /* segue */;
			targetProxy = 21E49B261E4F4BF300E3BFDE /* PBXContainerItemProxy */;
		};
		21E49B321E4F4BF300E3BFDE /* PBXTargetDependency */ = {
			isa = PBXTargetDependency;
			target = 21E49B101E4F4BF300E3BFDE /* segue */;
			targetProxy = 21E49B311E4F4BF300E3BFDE /* PBXContainerItemProxy */;
		};
/* End PBXTargetDependency section */

/* Begin PBXVariantGroup section */
		21E49B181E4F4BF300E3BFDE /* Main.storyboard */ = {
			isa = PBXVariantGroup;
			children = (
				21E49B191E4F4BF300E3BFDE /* Base */,
			);
			name = Main.storyboard;
			sourceTree = "<group>";
		};
		21E49B1D1E4F4BF300E3BFDE /* LaunchScreen.storyboard */ = {
			isa = PBXVariantGroup;
			children = (
				21E49B1E1E4F4BF300E3BFDE /* Base */,
			);
			name = LaunchScreen.storyboard;
			sourceTree = "<group>";
		};
/* End PBXVariantGroup section */

/* Begin XCBuildConfiguration section */
		21E49B371E4F4BF400E3BFDE /* Debug */ = {
			isa = XCBuildConfiguration;
			buildSettings = {
				ALWAYS_SEARCH_USER_PATHS = NO;
				CLANG_ANALYZER_NONNULL = YES;
				CLANG_CXX_LANGUAGE_STANDARD = "gnu++0x";
				CLANG_CXX_LIBRARY = "libc++";
				CLANG_ENABLE_MODULES = YES;
				CLANG_ENABLE_OBJC_ARC = YES;
				CLANG_WARN_BOOL_CONVERSION = YES;
				CLANG_WARN_CONSTANT_CONVERSION = YES;
				CLANG_WARN_DIRECT_OBJC_ISA_USAGE = YES_ERROR;
				CLANG_WARN_DOCUMENTATION_COMMENTS = YES;
				CLANG_WARN_EMPTY_BODY = YES;
				CLANG_WARN_ENUM_CONVERSION = YES;
				CLANG_WARN_INFINITE_RECURSION = YES;
				CLANG_WARN_INT_CONVERSION = YES;
				CLANG_WARN_OBJC_ROOT_CLASS = YES_ERROR;
				CLANG_WARN_SUSPICIOUS_MOVE = YES;
				CLANG_WARN_UNREACHABLE_CODE = YES;
				CLANG_WARN__DUPLICATE_METHOD_MATCH = YES;
				"CODE_SIGN_IDENTITY[sdk=iphoneos*]" = "iPhone Developer";
				COPY_PHASE_STRIP = NO;
				DEBUG_INFORMATION_FORMAT = dwarf;
				ENABLE_STRICT_OBJC_MSGSEND = YES;
				ENABLE_TESTABILITY = YES;
				GCC_C_LANGUAGE_STANDARD = gnu99;
				GCC_DYNAMIC_NO_PIC = NO;
				GCC_NO_COMMON_BLOCKS = YES;
				GCC_OPTIMIZATION_LEVEL = 0;
				GCC_PREPROCESSOR_DEFINITIONS = (
					"DEBUG=1",
					"$(inherited)",
				);
				GCC_WARN_64_TO_32_BIT_CONVERSION = YES;
				GCC_WARN_ABOUT_RETURN_TYPE = YES_ERROR;
				GCC_WARN_UNDECLARED_SELECTOR = YES;
				GCC_WARN_UNINITIALIZED_AUTOS = YES_AGGRESSIVE;
				GCC_WARN_UNUSED_FUNCTION = YES;
				GCC_WARN_UNUSED_VARIABLE = YES;
				IPHONEOS_DEPLOYMENT_TARGET = 10.2;
				MTL_ENABLE_DEBUG_INFO = YES;
				ONLY_ACTIVE_ARCH = YES;
				SDKROOT = iphoneos;
				SWIFT_ACTIVE_COMPILATION_CONDITIONS = DEBUG;
				SWIFT_OPTIMIZATION_LEVEL = "-Onone";
			};
			name = Debug;
		};
		21E49B381E4F4BF400E3BFDE /* Release */ = {
			isa = XCBuildConfiguration;
			buildSettings = {
				ALWAYS_SEARCH_USER_PATHS = NO;
				CLANG_ANALYZER_NONNULL = YES;
				CLANG_CXX_LANGUAGE_STANDARD = "gnu++0x";
				CLANG_CXX_LIBRARY = "libc++";
				CLANG_ENABLE_MODULES = YES;
				CLANG_ENABLE_OBJC_ARC = YES;
				CLANG_WARN_BOOL_CONVERSION = YES;
				CLANG_WARN_CONSTANT_CONVERSION = YES;
				CLANG_WARN_DIRECT_OBJC_ISA_USAGE = YES_ERROR;
				CLANG_WARN_DOCUMENTATION_COMMENTS = YES;
				CLANG_WARN_EMPTY_BODY = YES;
				CLANG_WARN_ENUM_CONVERSION = YES;
				CLANG_WARN_INFINITE_RECURSION = YES;
				CLANG_WARN_INT_CONVERSION = YES;
				CLANG_WARN_OBJC_ROOT_CLASS = YES_ERROR;
				CLANG_WARN_SUSPICIOUS_MOVE = YES;
				CLANG_WARN_UNREACHABLE_CODE = YES;
				CLANG_WARN__DUPLICATE_METHOD_MATCH = YES;
				"CODE_SIGN_IDENTITY[sdk=iphoneos*]" = "iPhone Developer";
				COPY_PHASE_STRIP = NO;
				DEBUG_INFORMATION_FORMAT = "dwarf-with-dsym";
				ENABLE_NS_ASSERTIONS = NO;
				ENABLE_STRICT_OBJC_MSGSEND = YES;
				GCC_C_LANGUAGE_STANDARD = gnu99;
				GCC_NO_COMMON_BLOCKS = YES;
				GCC_WARN_64_TO_32_BIT_CONVERSION = YES;
				GCC_WARN_ABOUT_RETURN_TYPE = YES_ERROR;
				GCC_WARN_UNDECLARED_SELECTOR = YES;
				GCC_WARN_UNINITIALIZED_AUTOS = YES_AGGRESSIVE;
				GCC_WARN_UNUSED_FUNCTION = YES;
				GCC_WARN_UNUSED_VARIABLE = YES;
				IPHONEOS_DEPLOYMENT_TARGET = 10.2;
				MTL_ENABLE_DEBUG_INFO = NO;
				SDKROOT = iphoneos;
				SWIFT_OPTIMIZATION_LEVEL = "-Owholemodule";
				VALIDATE_PRODUCT = YES;
			};
			name = Release;
		};
		21E49B3A1E4F4BF400E3BFDE /* Debug */ = {
			isa = XCBuildConfiguration;
			buildSettings = {
				ASSETCATALOG_COMPILER_APPICON_NAME = AppIcon;
				INFOPLIST_FILE = segue/Info.plist;
				LD_RUNPATH_SEARCH_PATHS = "$(inherited) @executable_path/Frameworks";
				PRODUCT_BUNDLE_IDENTIFIER = jp.sample.segue;
				PRODUCT_NAME = "$(TARGET_NAME)";
				SWIFT_VERSION = 3.0;
			};
			name = Debug;
		};
		21E49B3B1E4F4BF400E3BFDE /* Release */ = {
			isa = XCBuildConfiguration;
			buildSettings = {
				ASSETCATALOG_COMPILER_APPICON_NAME = AppIcon;
				INFOPLIST_FILE = segue/Info.plist;
				LD_RUNPATH_SEARCH_PATHS = "$(inherited) @executable_path/Frameworks";
				PRODUCT_BUNDLE_IDENTIFIER = jp.sample.segue;
				PRODUCT_NAME = "$(TARGET_NAME)";
				SWIFT_VERSION = 3.0;
			};
			name = Release;
		};
		21E49B3D1E4F4BF400E3BFDE /* Debug */ = {
			isa = XCBuildConfiguration;
			buildSettings = {
				ALWAYS_EMBED_SWIFT_STANDARD_LIBRARIES = YES;
				BUNDLE_LOADER = "$(TEST_HOST)";
				INFOPLIST_FILE = segueTests/Info.plist;
				LD_RUNPATH_SEARCH_PATHS = "$(inherited) @executable_path/Frameworks @loader_path/Frameworks";
				PRODUCT_BUNDLE_IDENTIFIER = jp.sample.segueTests;
				PRODUCT_NAME = "$(TARGET_NAME)";
				SWIFT_VERSION = 3.0;
				TEST_HOST = "$(BUILT_PRODUCTS_DIR)/segue.app/segue";
			};
			name = Debug;
		};
		21E49B3E1E4F4BF400E3BFDE /* Release */ = {
			isa = XCBuildConfiguration;
			buildSettings = {
				ALWAYS_EMBED_SWIFT_STANDARD_LIBRARIES = YES;
				BUNDLE_LOADER = "$(TEST_HOST)";
				INFOPLIST_FILE = segueTests/Info.plist;
				LD_RUNPATH_SEARCH_PATHS = "$(inherited) @executable_path/Frameworks @loader_path/Frameworks";
				PRODUCT_BUNDLE_IDENTIFIER = jp.sample.segueTests;
				PRODUCT_NAME = "$(TARGET_NAME)";
				SWIFT_VERSION = 3.0;
				TEST_HOST = "$(BUILT_PRODUCTS_DIR)/segue.app/segue";
			};
			name = Release;
		};
		21E49B401E4F4BF400E3BFDE /* Debug */ = {
			isa = XCBuildConfiguration;
			buildSettings = {
				ALWAYS_EMBED_SWIFT_STANDARD_LIBRARIES = YES;
				INFOPLIST_FILE = segueUITests/Info.plist;
				LD_RUNPATH_SEARCH_PATHS = "$(inherited) @executable_path/Frameworks @loader_path/Frameworks";
				PRODUCT_BUNDLE_IDENTIFIER = jp.sample.segueUITests;
				PRODUCT_NAME = "$(TARGET_NAME)";
				SWIFT_VERSION = 3.0;
				TEST_TARGET_NAME = segue;
			};
			name = Debug;
		};
		21E49B411E4F4BF400E3BFDE /* Release */ = {
			isa = XCBuildConfiguration;
			buildSettings = {
				ALWAYS_EMBED_SWIFT_STANDARD_LIBRARIES = YES;
				INFOPLIST_FILE = segueUITests/Info.plist;
				LD_RUNPATH_SEARCH_PATHS = "$(inherited) @executable_path/Frameworks @loader_path/Frameworks";
				PRODUCT_BUNDLE_IDENTIFIER = jp.sample.segueUITests;
				PRODUCT_NAME = "$(TARGET_NAME)";
				SWIFT_VERSION = 3.0;
				TEST_TARGET_NAME = segue;
			};
			name = Release;
		};
/* End XCBuildConfiguration section */

/* Begin XCConfigurationList section */
		21E49B0C1E4F4BF300E3BFDE /* Build configuration list for PBXProject "segue" */ = {
			isa = XCConfigurationList;
			buildConfigurations = (
				21E49B371E4F4BF400E3BFDE /* Debug */,
				21E49B381E4F4BF400E3BFDE /* Release */,
			);
			defaultConfigurationIsVisible = 0;
			defaultConfigurationName = Release;
		};
		21E49B391E4F4BF400E3BFDE /* Build configuration list for PBXNativeTarget "segue" */ = {
			isa = XCConfigurationList;
			buildConfigurations = (
				21E49B3A1E4F4BF400E3BFDE /* Debug */,
				21E49B3B1E4F4BF400E3BFDE /* Release */,
			);
			defaultConfigurationIsVisible = 0;
		};
		21E49B3C1E4F4BF400E3BFDE /* Build configuration list for PBXNativeTarget "segueTests" */ = {
			isa = XCConfigurationList;
			buildConfigurations = (
				21E49B3D1E4F4BF400E3BFDE /* Debug */,
				21E49B3E1E4F4BF400E3BFDE /* Release */,
			);
			defaultConfigurationIsVisible = 0;
		};
		21E49B3F1E4F4BF400E3BFDE /* Build configuration list for PBXNativeTarget "segueUITests" */ = {
			isa = XCConfigurationList;
			buildConfigurations = (
				21E49B401E4F4BF400E3BFDE /* Debug */,
				21E49B411E4F4BF400E3BFDE /* Release */,
			);
			defaultConfigurationIsVisible = 0;
		};
/* End XCConfigurationList section */
	};
	rootObject = 21E49B091E4F4BF300E3BFDE /* Project object */;
}
